
Microsoft Visual Studio Solution File, Format Version 12.00
# Visual Studio Version 17
VisualStudioVersion = 17.5.33502.453
MinimumVisualStudioVersion = 10.0.40219.1
Project("{FAE04EC0-301F-11D3-BF4B-00C04F79EFBC}") = "Winforms-Linq-SQL", "Winforms-Linq-SQL\Winforms-Linq-SQL.csproj", "{6BF7CDFA-3DA4-4FF6-A483-F6CF10A2E0F3}"
EndProject
Global
	GlobalSection(SolutionConfigurationPlatforms) = preSolution
		Debug|Any CPU = Debug|Any CPU
		Release|Any CPU = Release|Any CPU
	EndGlobalSection
	GlobalSection(ProjectConfigurationPlatforms) = postSolution
		{6BF7CDFA-3DA4-4FF6-A483-F6CF10A2E0F3}.Debug|Any CPU.ActiveCfg = Debug|Any CPU
		{6BF7CDFA-3DA4-4FF6-A483-F6CF10A2E0F3}.Debug|Any CPU.Build.0 = Debug|Any CPU
		{6BF7CDFA-3DA4-4FF6-A483-F6CF10A2E0F3}.Release|Any CPU.ActiveCfg = Release|Any CPU
		{6BF7CDFA-3DA4-4FF6-A483-F6CF10A2E0F3}.Release|Any CPU.Build.0 = Release|Any CPU
	EndGlobalSection
	GlobalSection(SolutionProperties) = preSolution
		HideSolutionNode = FALSE
	EndGlobalSection
	GlobalSection(ExtensibilityGlobals) = postSolution
		SolutionGuid = {524C39D7-1423-4BB9-A7D0-8C607F4EAD6F}
	EndGlobalSection
EndGlobal
